// !$*UTF8*$!
{
	archiveVersion = 1;
	classes = {
	};
	objectVersion = 55;
	objects = {

/* Begin PBXBuildFile section */
		810E8E4128965FD000F1A701 /* NothingVC.swift in Sources */ = {isa = PBXBuildFile; fileRef = 810E8E4028965FD000F1A701 /* NothingVC.swift */; };
		810E8E872899531500F1A701 /* CustomLabel.swift in Sources */ = {isa = PBXBuildFile; fileRef = 810E8E862899531500F1A701 /* CustomLabel.swift */; };
		810E8E89289953C100F1A701 /* MortyVC.swift in Sources */ = {isa = PBXBuildFile; fileRef = 810E8E88289953C100F1A701 /* MortyVC.swift */; };
		810E8E8D2899685100F1A701 /* StackView.swift in Sources */ = {isa = PBXBuildFile; fileRef = 810E8E8C2899685100F1A701 /* StackView.swift */; };
		810E8E94289969AA00F1A701 /* FilterVC.swift in Sources */ = {isa = PBXBuildFile; fileRef = 810E8E93289969AA00F1A701 /* FilterVC.swift */; };
		810E8E9628996F4A00F1A701 /* CustomButton.swift in Sources */ = {isa = PBXBuildFile; fileRef = 810E8E9528996F4A00F1A701 /* CustomButton.swift */; };
		810E8EA4289AF2FC00F1A701 /* ProfileCell.swift in Sources */ = {isa = PBXBuildFile; fileRef = 810E8EA3289AF2FC00F1A701 /* ProfileCell.swift */; };
		810E8EA6289AF31C00F1A701 /* Profile.swift in Sources */ = {isa = PBXBuildFile; fileRef = 810E8EA5289AF31C00F1A701 /* Profile.swift */; };
		812879F12895976100FBBEB1 /* AppDelegate.swift in Sources */ = {isa = PBXBuildFile; fileRef = 812879F02895976100FBBEB1 /* AppDelegate.swift */; };
		812879F32895976100FBBEB1 /* SceneDelegate.swift in Sources */ = {isa = PBXBuildFile; fileRef = 812879F22895976100FBBEB1 /* SceneDelegate.swift */; };
		812879F52895976100FBBEB1 /* MainVC.swift in Sources */ = {isa = PBXBuildFile; fileRef = 812879F42895976100FBBEB1 /* MainVC.swift */; };
		812879FA2895976400FBBEB1 /* Assets.xcassets in Resources */ = {isa = PBXBuildFile; fileRef = 812879F92895976400FBBEB1 /* Assets.xcassets */; };
		812879FD2895976400FBBEB1 /* LaunchScreen.storyboard in Resources */ = {isa = PBXBuildFile; fileRef = 812879FB2895976400FBBEB1 /* LaunchScreen.storyboard */; };
		81287A0C2895A1C900FBBEB1 /* Shadow.swift in Sources */ = {isa = PBXBuildFile; fileRef = 81287A0B2895A1C900FBBEB1 /* Shadow.swift */; };
		81287A0E2895A35200FBBEB1 /* CharactersVC.swift in Sources */ = {isa = PBXBuildFile; fileRef = 81287A0D2895A35200FBBEB1 /* CharactersVC.swift */; };
		81287A102895A7BC00FBBEB1 /* EpisodesVC.swift in Sources */ = {isa = PBXBuildFile; fileRef = 81287A0F2895A7BC00FBBEB1 /* EpisodesVC.swift */; };
		81287A122895A95E00FBBEB1 /* LocationsVC.swift in Sources */ = {isa = PBXBuildFile; fileRef = 81287A112895A95E00FBBEB1 /* LocationsVC.swift */; };
/* End PBXBuildFile section */

/* Begin PBXFileReference section */
		810E8E4028965FD000F1A701 /* NothingVC.swift */ = {isa = PBXFileReference; lastKnownFileType = sourcecode.swift; path = NothingVC.swift; sourceTree = "<group>"; };
		810E8E862899531500F1A701 /* CustomLabel.swift */ = {isa = PBXFileReference; lastKnownFileType = sourcecode.swift; path = CustomLabel.swift; sourceTree = "<group>"; };
		810E8E88289953C100F1A701 /* MortyVC.swift */ = {isa = PBXFileReference; lastKnownFileType = sourcecode.swift; path = MortyVC.swift; sourceTree = "<group>"; };
		810E8E8C2899685100F1A701 /* StackView.swift */ = {isa = PBXFileReference; lastKnownFileType = sourcecode.swift; path = StackView.swift; sourceTree = "<group>"; };
		810E8E93289969AA00F1A701 /* FilterVC.swift */ = {isa = PBXFileReference; lastKnownFileType = sourcecode.swift; path = FilterVC.swift; sourceTree = "<group>"; };
		810E8E9528996F4A00F1A701 /* CustomButton.swift */ = {isa = PBXFileReference; lastKnownFileType = sourcecode.swift; path = CustomButton.swift; sourceTree = "<group>"; };
		810E8EA3289AF2FC00F1A701 /* ProfileCell.swift */ = {isa = PBXFileReference; lastKnownFileType = sourcecode.swift; path = ProfileCell.swift; sourceTree = "<group>"; };
		810E8EA5289AF31C00F1A701 /* Profile.swift */ = {isa = PBXFileReference; lastKnownFileType = sourcecode.swift; path = Profile.swift; sourceTree = "<group>"; };
		812879ED2895976100FBBEB1 /* RickandMortyApp.app */ = {isa = PBXFileReference; explicitFileType = wrapper.application; includeInIndex = 0; path = RickandMortyApp.app; sourceTree = BUILT_PRODUCTS_DIR; };
		812879F02895976100FBBEB1 /* AppDelegate.swift */ = {isa = PBXFileReference; lastKnownFileType = sourcecode.swift; path = AppDelegate.swift; sourceTree = "<group>"; };
		812879F22895976100FBBEB1 /* SceneDelegate.swift */ = {isa = PBXFileReference; lastKnownFileType = sourcecode.swift; path = SceneDelegate.swift; sourceTree = "<group>"; };
		812879F42895976100FBBEB1 /* MainVC.swift */ = {isa = PBXFileReference; lastKnownFileType = sourcecode.swift; path = MainVC.swift; sourceTree = "<group>"; };
		812879F92895976400FBBEB1 /* Assets.xcassets */ = {isa = PBXFileReference; lastKnownFileType = folder.assetcatalog; path = Assets.xcassets; sourceTree = "<group>"; };
		812879FC2895976400FBBEB1 /* Base */ = {isa = PBXFileReference; lastKnownFileType = file.storyboard; name = Base; path = Base.lproj/LaunchScreen.storyboard; sourceTree = "<group>"; };
		812879FE2895976400FBBEB1 /* Info.plist */ = {isa = PBXFileReference; lastKnownFileType = text.plist.xml; path = Info.plist; sourceTree = "<group>"; };
		81287A0B2895A1C900FBBEB1 /* Shadow.swift */ = {isa = PBXFileReference; lastKnownFileType = sourcecode.swift; path = Shadow.swift; sourceTree = "<group>"; };
		81287A0D2895A35200FBBEB1 /* CharactersVC.swift */ = {isa = PBXFileReference; lastKnownFileType = sourcecode.swift; path = CharactersVC.swift; sourceTree = "<group>"; };
		81287A0F2895A7BC00FBBEB1 /* EpisodesVC.swift */ = {isa = PBXFileReference; lastKnownFileType = sourcecode.swift; path = EpisodesVC.swift; sourceTree = "<group>"; };
		81287A112895A95E00FBBEB1 /* LocationsVC.swift */ = {isa = PBXFileReference; lastKnownFileType = sourcecode.swift; path = LocationsVC.swift; sourceTree = "<group>"; };
/* End PBXFileReference section */

/* Begin PBXFrameworksBuildPhase section */
		812879EA2895976100FBBEB1 /* Frameworks */ = {
			isa = PBXFrameworksBuildPhase;
			buildActionMask = 2147483647;
			files = (
			);
			runOnlyForDeploymentPostprocessing = 0;
		};
/* End PBXFrameworksBuildPhase section */

/* Begin PBXGroup section */
		810E8E8E289968BD00F1A701 /* Main */ = {
			isa = PBXGroup;
			children = (
				810E8E912899693400F1A701 /* Characters */,
				81287A112895A95E00FBBEB1 /* LocationsVC.swift */,
				81287A0F2895A7BC00FBBEB1 /* EpisodesVC.swift */,
			);
			path = Main;
			sourceTree = "<group>";
		};
		810E8E912899693400F1A701 /* Characters */ = {
			isa = PBXGroup;
			children = (
				81287A0D2895A35200FBBEB1 /* CharactersVC.swift */,
				810E8E88289953C100F1A701 /* MortyVC.swift */,
			);
			path = Characters;
			sourceTree = "<group>";
		};
		810E8E922899698D00F1A701 /* Others */ = {
			isa = PBXGroup;
			children = (
				810E8E4028965FD000F1A701 /* NothingVC.swift */,
				810E8E93289969AA00F1A701 /* FilterVC.swift */,
				810E8EA3289AF2FC00F1A701 /* ProfileCell.swift */,
				810E8EA5289AF31C00F1A701 /* Profile.swift */,
			);
			path = Others;
			sourceTree = "<group>";
		};
		812879E42895976100FBBEB1 = {
			isa = PBXGroup;
			children = (
				812879EF2895976100FBBEB1 /* RickandMortyApp */,
				812879EE2895976100FBBEB1 /* Products */,
			);
			sourceTree = "<group>";
		};
		812879EE2895976100FBBEB1 /* Products */ = {
			isa = PBXGroup;
			children = (
				812879ED2895976100FBBEB1 /* RickandMortyApp.app */,
			);
			name = Products;
			sourceTree = "<group>";
		};
		812879EF2895976100FBBEB1 /* RickandMortyApp */ = {
			isa = PBXGroup;
			children = (
				81287A0428959E0F00FBBEB1 /* Applications */,
				81287A0628959E3100FBBEB1 /* Controllers */,
				81287A0728959E4C00FBBEB1 /* Extensions */,
				81287A0828959F3A00FBBEB1 /* Resources */,
				812879FB2895976400FBBEB1 /* LaunchScreen.storyboard */,
				812879FE2895976400FBBEB1 /* Info.plist */,
			);
			path = RickandMortyApp;
			sourceTree = "<group>";
		};
		81287A0428959E0F00FBBEB1 /* Applications */ = {
			isa = PBXGroup;
			children = (
				812879F02895976100FBBEB1 /* AppDelegate.swift */,
				812879F22895976100FBBEB1 /* SceneDelegate.swift */,
			);
			path = Applications;
			sourceTree = "<group>";
		};
		81287A0628959E3100FBBEB1 /* Controllers */ = {
			isa = PBXGroup;
			children = (
				812879F42895976100FBBEB1 /* MainVC.swift */,
				810E8E8E289968BD00F1A701 /* Main */,
				810E8E922899698D00F1A701 /* Others */,
			);
			path = Controllers;
			sourceTree = "<group>";
		};
		81287A0728959E4C00FBBEB1 /* Extensions */ = {
			isa = PBXGroup;
			children = (
				81287A0B2895A1C900FBBEB1 /* Shadow.swift */,
				810E8E862899531500F1A701 /* CustomLabel.swift */,
				810E8E8C2899685100F1A701 /* StackView.swift */,
				810E8E9528996F4A00F1A701 /* CustomButton.swift */,
			);
			path = Extensions;
			sourceTree = "<group>";
		};
		81287A0828959F3A00FBBEB1 /* Resources */ = {
			isa = PBXGroup;
			children = (
				812879F92895976400FBBEB1 /* Assets.xcassets */,
			);
			path = Resources;
			sourceTree = "<group>";
		};
/* End PBXGroup section */

/* Begin PBXNativeTarget section */
		812879EC2895976100FBBEB1 /* RickandMortyApp */ = {
			isa = PBXNativeTarget;
			buildConfigurationList = 81287A012895976400FBBEB1 /* Build configuration list for PBXNativeTarget "RickandMortyApp" */;
			buildPhases = (
				812879E92895976100FBBEB1 /* Sources */,
				812879EA2895976100FBBEB1 /* Frameworks */,
				812879EB2895976100FBBEB1 /* Resources */,
			);
			buildRules = (
			);
			dependencies = (
			);
			name = RickandMortyApp;
			productName = RickandMortyApp;
			productReference = 812879ED2895976100FBBEB1 /* RickandMortyApp.app */;
			productType = "com.apple.product-type.application";
		};
/* End PBXNativeTarget section */

/* Begin PBXProject section */
		812879E52895976100FBBEB1 /* Project object */ = {
			isa = PBXProject;
			attributes = {
				BuildIndependentTargetsInParallel = 1;
				LastSwiftUpdateCheck = 1340;
				LastUpgradeCheck = 1340;
				TargetAttributes = {
					812879EC2895976100FBBEB1 = {
						CreatedOnToolsVersion = 13.4.1;
					};
				};
			};
			buildConfigurationList = 812879E82895976100FBBEB1 /* Build configuration list for PBXProject "RickandMortyApp" */;
			compatibilityVersion = "Xcode 13.0";
			developmentRegion = en;
			hasScannedForEncodings = 0;
			knownRegions = (
				en,
				Base,
			);
			mainGroup = 812879E42895976100FBBEB1;
			productRefGroup = 812879EE2895976100FBBEB1 /* Products */;
			projectDirPath = "";
			projectRoot = "";
			targets = (
				812879EC2895976100FBBEB1 /* RickandMortyApp */,
			);
		};
/* End PBXProject section */

/* Begin PBXResourcesBuildPhase section */
		812879EB2895976100FBBEB1 /* Resources */ = {
			isa = PBXResourcesBuildPhase;
			buildActionMask = 2147483647;
			files = (
				812879FD2895976400FBBEB1 /* LaunchScreen.storyboard in Resources */,
				812879FA2895976400FBBEB1 /* Assets.xcassets in Resources */,
			);
			runOnlyForDeploymentPostprocessing = 0;
		};
/* End PBXResourcesBuildPhase section */

/* Begin PBXSourcesBuildPhase section */
		812879E92895976100FBBEB1 /* Sources */ = {
			isa = PBXSourcesBuildPhase;
			buildActionMask = 2147483647;
			files = (
				810E8E9628996F4A00F1A701 /* CustomButton.swift in Sources */,
				810E8EA6289AF31C00F1A701 /* Profile.swift in Sources */,
				810E8E94289969AA00F1A701 /* FilterVC.swift in Sources */,
				810E8E89289953C100F1A701 /* MortyVC.swift in Sources */,
				810E8E8D2899685100F1A701 /* StackView.swift in Sources */,
				81287A0E2895A35200FBBEB1 /* CharactersVC.swift in Sources */,
				810E8E872899531500F1A701 /* CustomLabel.swift in Sources */,
				810E8E4128965FD000F1A701 /* NothingVC.swift in Sources */,
				81287A122895A95E00FBBEB1 /* LocationsVC.swift in Sources */,
				812879F52895976100FBBEB1 /* MainVC.swift in Sources */,
				81287A102895A7BC00FBBEB1 /* EpisodesVC.swift in Sources */,
				81287A0C2895A1C900FBBEB1 /* Shadow.swift in Sources */,
				812879F12895976100FBBEB1 /* AppDelegate.swift in Sources */,
				812879F32895976100FBBEB1 /* SceneDelegate.swift in Sources */,
				810E8EA4289AF2FC00F1A701 /* ProfileCell.swift in Sources */,
			);
			runOnlyForDeploymentPostprocessing = 0;
		};
/* End PBXSourcesBuildPhase section */

/* Begin PBXVariantGroup section */
		812879FB2895976400FBBEB1 /* LaunchScreen.storyboard */ = {
			isa = PBXVariantGroup;
			children = (
				812879FC2895976400FBBEB1 /* Base */,
			);
			name = LaunchScreen.storyboard;
			sourceTree = "<group>";
		};
/* End PBXVariantGroup section */

/* Begin XCBuildConfiguration section */
		812879FF2895976400FBBEB1 /* Debug */ = {
			isa = XCBuildConfiguration;
			buildSettings = {
				ALWAYS_SEARCH_USER_PATHS = NO;
				CLANG_ANALYZER_NONNULL = YES;
				CLANG_ANALYZER_NUMBER_OBJECT_CONVERSION = YES_AGGRESSIVE;
				CLANG_CXX_LANGUAGE_STANDARD = "gnu++17";
				CLANG_ENABLE_MODULES = YES;
				CLANG_ENABLE_OBJC_ARC = YES;
				CLANG_ENABLE_OBJC_WEAK = YES;
				CLANG_WARN_BLOCK_CAPTURE_AUTORELEASING = YES;
				CLANG_WARN_BOOL_CONVERSION = YES;
				CLANG_WARN_COMMA = YES;
				CLANG_WARN_CONSTANT_CONVERSION = YES;
				CLANG_WARN_DEPRECATED_OBJC_IMPLEMENTATIONS = YES;
				CLANG_WARN_DIRECT_OBJC_ISA_USAGE = YES_ERROR;
				CLANG_WARN_DOCUMENTATION_COMMENTS = YES;
				CLANG_WARN_EMPTY_BODY = YES;
				CLANG_WARN_ENUM_CONVERSION = YES;
				CLANG_WARN_INFINITE_RECURSION = YES;
				CLANG_WARN_INT_CONVERSION = YES;
				CLANG_WARN_NON_LITERAL_NULL_CONVERSION = YES;
				CLANG_WARN_OBJC_IMPLICIT_RETAIN_SELF = YES;
				CLANG_WARN_OBJC_LITERAL_CONVERSION = YES;
				CLANG_WARN_OBJC_ROOT_CLASS = YES_ERROR;
				CLANG_WARN_QUOTED_INCLUDE_IN_FRAMEWORK_HEADER = YES;
				CLANG_WARN_RANGE_LOOP_ANALYSIS = YES;
				CLANG_WARN_STRICT_PROTOTYPES = YES;
				CLANG_WARN_SUSPICIOUS_MOVE = YES;
				CLANG_WARN_UNGUARDED_AVAILABILITY = YES_AGGRESSIVE;
				CLANG_WARN_UNREACHABLE_CODE = YES;
				CLANG_WARN__DUPLICATE_METHOD_MATCH = YES;
				COPY_PHASE_STRIP = NO;
				DEBUG_INFORMATION_FORMAT = dwarf;
				ENABLE_STRICT_OBJC_MSGSEND = YES;
				ENABLE_TESTABILITY = YES;
				GCC_C_LANGUAGE_STANDARD = gnu11;
				GCC_DYNAMIC_NO_PIC = NO;
				GCC_NO_COMMON_BLOCKS = YES;
				GCC_OPTIMIZATION_LEVEL = 0;
				GCC_PREPROCESSOR_DEFINITIONS = (
					"DEBUG=1",
					"$(inherited)",
				);
				GCC_WARN_64_TO_32_BIT_CONVERSION = YES;
				GCC_WARN_ABOUT_RETURN_TYPE = YES_ERROR;
				GCC_WARN_UNDECLARED_SELECTOR = YES;
				GCC_WARN_UNINITIALIZED_AUTOS = YES_AGGRESSIVE;
				GCC_WARN_UNUSED_FUNCTION = YES;
				GCC_WARN_UNUSED_VARIABLE = YES;
				IPHONEOS_DEPLOYMENT_TARGET = 15.5;
				MTL_ENABLE_DEBUG_INFO = INCLUDE_SOURCE;
				MTL_FAST_MATH = YES;
				ONLY_ACTIVE_ARCH = YES;
				SDKROOT = iphoneos;
				SWIFT_ACTIVE_COMPILATION_CONDITIONS = DEBUG;
				SWIFT_OPTIMIZATION_LEVEL = "-Onone";
			};
			name = Debug;
		};
		81287A002895976400FBBEB1 /* Release */ = {
			isa = XCBuildConfiguration;
			buildSettings = {
				ALWAYS_SEARCH_USER_PATHS = NO;
				CLANG_ANALYZER_NONNULL = YES;
				CLANG_ANALYZER_NUMBER_OBJECT_CONVERSION = YES_AGGRESSIVE;
				CLANG_CXX_LANGUAGE_STANDARD = "gnu++17";
				CLANG_ENABLE_MODULES = YES;
				CLANG_ENABLE_OBJC_ARC = YES;
				CLANG_ENABLE_OBJC_WEAK = YES;
				CLANG_WARN_BLOCK_CAPTURE_AUTORELEASING = YES;
				CLANG_WARN_BOOL_CONVERSION = YES;
				CLANG_WARN_COMMA = YES;
				CLANG_WARN_CONSTANT_CONVERSION = YES;
				CLANG_WARN_DEPRECATED_OBJC_IMPLEMENTATIONS = YES;
				CLANG_WARN_DIRECT_OBJC_ISA_USAGE = YES_ERROR;
				CLANG_WARN_DOCUMENTATION_COMMENTS = YES;
				CLANG_WARN_EMPTY_BODY = YES;
				CLANG_WARN_ENUM_CONVERSION = YES;
				CLANG_WARN_INFINITE_RECURSION = YES;
				CLANG_WARN_INT_CONVERSION = YES;
				CLANG_WARN_NON_LITERAL_NULL_CONVERSION = YES;
				CLANG_WARN_OBJC_IMPLICIT_RETAIN_SELF = YES;
				CLANG_WARN_OBJC_LITERAL_CONVERSION = YES;
				CLANG_WARN_OBJC_ROOT_CLASS = YES_ERROR;
				CLANG_WARN_QUOTED_INCLUDE_IN_FRAMEWORK_HEADER = YES;
				CLANG_WARN_RANGE_LOOP_ANALYSIS = YES;
				CLANG_WARN_STRICT_PROTOTYPES = YES;
				CLANG_WARN_SUSPICIOUS_MOVE = YES;
				CLANG_WARN_UNGUARDED_AVAILABILITY = YES_AGGRESSIVE;
				CLANG_WARN_UNREACHABLE_CODE = YES;
				CLANG_WARN__DUPLICATE_METHOD_MATCH = YES;
				COPY_PHASE_STRIP = NO;
				DEBUG_INFORMATION_FORMAT = "dwarf-with-dsym";
				ENABLE_NS_ASSERTIONS = NO;
				ENABLE_STRICT_OBJC_MSGSEND = YES;
				GCC_C_LANGUAGE_STANDARD = gnu11;
				GCC_NO_COMMON_BLOCKS = YES;
				GCC_WARN_64_TO_32_BIT_CONVERSION = YES;
				GCC_WARN_ABOUT_RETURN_TYPE = YES_ERROR;
				GCC_WARN_UNDECLARED_SELECTOR = YES;
				GCC_WARN_UNINITIALIZED_AUTOS = YES_AGGRESSIVE;
				GCC_WARN_UNUSED_FUNCTION = YES;
				GCC_WARN_UNUSED_VARIABLE = YES;
				IPHONEOS_DEPLOYMENT_TARGET = 15.5;
				MTL_ENABLE_DEBUG_INFO = NO;
				MTL_FAST_MATH = YES;
				SDKROOT = iphoneos;
				SWIFT_COMPILATION_MODE = wholemodule;
				SWIFT_OPTIMIZATION_LEVEL = "-O";
				VALIDATE_PRODUCT = YES;
			};
			name = Release;
		};
		81287A022895976400FBBEB1 /* Debug */ = {
			isa = XCBuildConfiguration;
			buildSettings = {
				ASSETCATALOG_COMPILER_APPICON_NAME = AppIcon;
				ASSETCATALOG_COMPILER_GLOBAL_ACCENT_COLOR_NAME = AccentColor;
				CODE_SIGN_STYLE = Automatic;
				CURRENT_PROJECT_VERSION = 1;
				DEVELOPMENT_TEAM = XYU6KDT69V;
				GENERATE_INFOPLIST_FILE = YES;
				INFOPLIST_FILE = RickandMortyApp/Info.plist;
				INFOPLIST_KEY_UIApplicationSupportsIndirectInputEvents = YES;
				INFOPLIST_KEY_UILaunchStoryboardName = LaunchScreen;
				INFOPLIST_KEY_UISupportedInterfaceOrientations_iPad = "UIInterfaceOrientationPortrait UIInterfaceOrientationPortraitUpsideDown UIInterfaceOrientationLandscapeLeft UIInterfaceOrientationLandscapeRight";
				INFOPLIST_KEY_UISupportedInterfaceOrientations_iPhone = "UIInterfaceOrientationPortrait UIInterfaceOrientationLandscapeLeft UIInterfaceOrientationLandscapeRight";
				IPHONEOS_DEPLOYMENT_TARGET = 15.3;
				LD_RUNPATH_SEARCH_PATHS = (
					"$(inherited)",
					"@executable_path/Frameworks",
				);
				MARKETING_VERSION = 1.0;
				PRODUCT_BUNDLE_IDENTIFIER = com.azamatk.RickandMortyApp;
				PRODUCT_NAME = "$(TARGET_NAME)";
				SWIFT_EMIT_LOC_STRINGS = YES;
				SWIFT_VERSION = 5.0;
				TARGETED_DEVICE_FAMILY = "1,2";
			};
			name = Debug;
		};
		81287A032895976400FBBEB1 /* Release */ = {
			isa = XCBuildConfiguration;
			buildSettings = {
				ASSETCATALOG_COMPILER_APPICON_NAME = AppIcon;
				ASSETCATALOG_COMPILER_GLOBAL_ACCENT_COLOR_NAME = AccentColor;
				CODE_SIGN_STYLE = Automatic;
				CURRENT_PROJECT_VERSION = 1;
				DEVELOPMENT_TEAM = XYU6KDT69V;
				GENERATE_INFOPLIST_FILE = YES;
				INFOPLIST_FILE = RickandMortyApp/Info.plist;
				INFOPLIST_KEY_UIApplicationSupportsIndirectInputEvents = YES;
				INFOPLIST_KEY_UILaunchStoryboardName = LaunchScreen;
				INFOPLIST_KEY_UISupportedInterfaceOrientations_iPad = "UIInterfaceOrientationPortrait UIInterfaceOrientationPortraitUpsideDown UIInterfaceOrientationLandscapeLeft UIInterfaceOrientationLandscapeRight";
				INFOPLIST_KEY_UISupportedInterfaceOrientations_iPhone = "UIInterfaceOrientationPortrait UIInterfaceOrientationLandscapeLeft UIInterfaceOrientationLandscapeRight";
				IPHONEOS_DEPLOYMENT_TARGET = 15.3;
				LD_RUNPATH_SEARCH_PATHS = (
					"$(inherited)",
					"@executable_path/Frameworks",
				);
				MARKETING_VERSION = 1.0;
				PRODUCT_BUNDLE_IDENTIFIER = com.azamatk.RickandMortyApp;
				PRODUCT_NAME = "$(TARGET_NAME)";
				SWIFT_EMIT_LOC_STRINGS = YES;
				SWIFT_VERSION = 5.0;
				TARGETED_DEVICE_FAMILY = "1,2";
			};
			name = Release;
		};
/* End XCBuildConfiguration section */

/* Begin XCConfigurationList section */
		812879E82895976100FBBEB1 /* Build configuration list for PBXProject "RickandMortyApp" */ = {
			isa = XCConfigurationList;
			buildConfigurations = (
				812879FF2895976400FBBEB1 /* Debug */,
				81287A002895976400FBBEB1 /* Release */,
			);
			defaultConfigurationIsVisible = 0;
			defaultConfigurationName = Release;
		};
		81287A012895976400FBBEB1 /* Build configuration list for PBXNativeTarget "RickandMortyApp" */ = {
			isa = XCConfigurationList;
			buildConfigurations = (
				81287A022895976400FBBEB1 /* Debug */,
				81287A032895976400FBBEB1 /* Release */,
			);
			defaultConfigurationIsVisible = 0;
			defaultConfigurationName = Release;
		};
/* End XCConfigurationList section */
	};
	rootObject = 812879E52895976100FBBEB1 /* Project object */;
}
