// !$*UTF8*$!
{
	archiveVersion = 1;
	classes = {
	};
	objectVersion = 56;
	objects = {

/* Begin PBXBuildFile section */
		817BC55A2BD1BCE000C21328 /* AppDelegate.swift in Sources */ = {isa = PBXBuildFile; fileRef = 817BC5592BD1BCE000C21328 /* AppDelegate.swift */; };
		817BC55C2BD1BCE000C21328 /* SceneDelegate.swift in Sources */ = {isa = PBXBuildFile; fileRef = 817BC55B2BD1BCE000C21328 /* SceneDelegate.swift */; };
		817BC55E2BD1BCE000C21328 /* ViewController.swift in Sources */ = {isa = PBXBuildFile; fileRef = 817BC55D2BD1BCE000C21328 /* ViewController.swift */; };
		817BC5632BD1BCE300C21328 /* Assets.xcassets in Resources */ = {isa = PBXBuildFile; fileRef = 817BC5622BD1BCE300C21328 /* Assets.xcassets */; };
		817BC5662BD1BCE300C21328 /* Base in Resources */ = {isa = PBXBuildFile; fileRef = 817BC5652BD1BCE300C21328 /* Base */; };
		817BC5702BD1BD5700C21328 /* LinkModel.swift in Sources */ = {isa = PBXBuildFile; fileRef = 817BC56F2BD1BD5700C21328 /* LinkModel.swift */; };
		817BC5722BD1BD8D00C21328 /* CustomTableViewCell.swift in Sources */ = {isa = PBXBuildFile; fileRef = 817BC5712BD1BD8C00C21328 /* CustomTableViewCell.swift */; };
		817BC5752BD1BDA300C21328 /* SnapKit in Frameworks */ = {isa = PBXBuildFile; productRef = 817BC5742BD1BDA300C21328 /* SnapKit */; };
		817BC5772BD1BDA300C21328 /* SnapKit-Dynamic in Frameworks */ = {isa = PBXBuildFile; productRef = 817BC5762BD1BDA300C21328 /* SnapKit-Dynamic */; };
		817BC5792BD1BDBB00C21328 /* SecondScreenVC.swift in Sources */ = {isa = PBXBuildFile; fileRef = 817BC5782BD1BDBA00C21328 /* SecondScreenVC.swift */; };
		81B8549F2BD2900800A4DC24 /* LinkStorage.swift in Sources */ = {isa = PBXBuildFile; fileRef = 81B8549E2BD2900800A4DC24 /* LinkStorage.swift */; };
		81B854A12BD2901500A4DC24 /* WebViewController.swift in Sources */ = {isa = PBXBuildFile; fileRef = 81B854A02BD2901500A4DC24 /* WebViewController.swift */; };
/* End PBXBuildFile section */

/* Begin PBXFileReference section */
		817BC5562BD1BCE000C21328 /* Bookmark App.app */ = {isa = PBXFileReference; explicitFileType = wrapper.application; includeInIndex = 0; path = "Bookmark App.app"; sourceTree = BUILT_PRODUCTS_DIR; };
		817BC5592BD1BCE000C21328 /* AppDelegate.swift */ = {isa = PBXFileReference; lastKnownFileType = sourcecode.swift; path = AppDelegate.swift; sourceTree = "<group>"; };
		817BC55B2BD1BCE000C21328 /* SceneDelegate.swift */ = {isa = PBXFileReference; lastKnownFileType = sourcecode.swift; path = SceneDelegate.swift; sourceTree = "<group>"; };
		817BC55D2BD1BCE000C21328 /* ViewController.swift */ = {isa = PBXFileReference; lastKnownFileType = sourcecode.swift; path = ViewController.swift; sourceTree = "<group>"; };
		817BC5622BD1BCE300C21328 /* Assets.xcassets */ = {isa = PBXFileReference; lastKnownFileType = folder.assetcatalog; path = Assets.xcassets; sourceTree = "<group>"; };
		817BC5652BD1BCE300C21328 /* Base */ = {isa = PBXFileReference; lastKnownFileType = file.storyboard; name = Base; path = Base.lproj/LaunchScreen.storyboard; sourceTree = "<group>"; };
		817BC5672BD1BCE300C21328 /* Info.plist */ = {isa = PBXFileReference; lastKnownFileType = text.plist.xml; path = Info.plist; sourceTree = "<group>"; };
		817BC56F2BD1BD5700C21328 /* LinkModel.swift */ = {isa = PBXFileReference; fileEncoding = 4; lastKnownFileType = sourcecode.swift; path = LinkModel.swift; sourceTree = "<group>"; };
		817BC5712BD1BD8C00C21328 /* CustomTableViewCell.swift */ = {isa = PBXFileReference; fileEncoding = 4; lastKnownFileType = sourcecode.swift; path = CustomTableViewCell.swift; sourceTree = "<group>"; };
		817BC5782BD1BDBA00C21328 /* SecondScreenVC.swift */ = {isa = PBXFileReference; fileEncoding = 4; lastKnownFileType = sourcecode.swift; path = SecondScreenVC.swift; sourceTree = "<group>"; };
		81B8549E2BD2900800A4DC24 /* LinkStorage.swift */ = {isa = PBXFileReference; fileEncoding = 4; lastKnownFileType = sourcecode.swift; path = LinkStorage.swift; sourceTree = "<group>"; };
		81B854A02BD2901500A4DC24 /* WebViewController.swift */ = {isa = PBXFileReference; fileEncoding = 4; lastKnownFileType = sourcecode.swift; path = WebViewController.swift; sourceTree = "<group>"; };
/* End PBXFileReference section */

/* Begin PBXFrameworksBuildPhase section */
		817BC5532BD1BCE000C21328 /* Frameworks */ = {
			isa = PBXFrameworksBuildPhase;
			buildActionMask = 2147483647;
			files = (
				817BC5752BD1BDA300C21328 /* SnapKit in Frameworks */,
				817BC5772BD1BDA300C21328 /* SnapKit-Dynamic in Frameworks */,
			);
			runOnlyForDeploymentPostprocessing = 0;
		};
/* End PBXFrameworksBuildPhase section */

/* Begin PBXGroup section */
		817BC54D2BD1BCE000C21328 = {
			isa = PBXGroup;
			children = (
				817BC5582BD1BCE000C21328 /* Bookmark App */,
				817BC5572BD1BCE000C21328 /* Products */,
			);
			sourceTree = "<group>";
		};
		817BC5572BD1BCE000C21328 /* Products */ = {
			isa = PBXGroup;
			children = (
				817BC5562BD1BCE000C21328 /* Bookmark App.app */,
			);
			name = Products;
			sourceTree = "<group>";
		};
		817BC5582BD1BCE000C21328 /* Bookmark App */ = {
			isa = PBXGroup;
			children = (
				817BC5592BD1BCE000C21328 /* AppDelegate.swift */,
				817BC55B2BD1BCE000C21328 /* SceneDelegate.swift */,
				817BC55D2BD1BCE000C21328 /* ViewController.swift */,
				817BC5782BD1BDBA00C21328 /* SecondScreenVC.swift */,
				817BC56F2BD1BD5700C21328 /* LinkModel.swift */,
				81B8549E2BD2900800A4DC24 /* LinkStorage.swift */,
				817BC5712BD1BD8C00C21328 /* CustomTableViewCell.swift */,
				81B854A02BD2901500A4DC24 /* WebViewController.swift */,
				817BC5622BD1BCE300C21328 /* Assets.xcassets */,
				817BC5642BD1BCE300C21328 /* LaunchScreen.storyboard */,
				817BC5672BD1BCE300C21328 /* Info.plist */,
			);
			path = "Bookmark App";
			sourceTree = "<group>";
		};
/* End PBXGroup section */

/* Begin PBXNativeTarget section */
		817BC5552BD1BCE000C21328 /* Bookmark App */ = {
			isa = PBXNativeTarget;
			buildConfigurationList = 817BC56A2BD1BCE300C21328 /* Build configuration list for PBXNativeTarget "Bookmark App" */;
			buildPhases = (
				817BC5522BD1BCE000C21328 /* Sources */,
				817BC5532BD1BCE000C21328 /* Frameworks */,
				817BC5542BD1BCE000C21328 /* Resources */,
			);
			buildRules = (
			);
			dependencies = (
			);
			name = "Bookmark App";
			packageProductDependencies = (
				817BC5742BD1BDA300C21328 /* SnapKit */,
				817BC5762BD1BDA300C21328 /* SnapKit-Dynamic */,
			);
			productName = "Bookmark App";
			productReference = 817BC5562BD1BCE000C21328 /* Bookmark App.app */;
			productType = "com.apple.product-type.application";
		};
/* End PBXNativeTarget section */

/* Begin PBXProject section */
		817BC54E2BD1BCE000C21328 /* Project object */ = {
			isa = PBXProject;
			attributes = {
				BuildIndependentTargetsInParallel = 1;
				LastSwiftUpdateCheck = 1530;
				LastUpgradeCheck = 1530;
				TargetAttributes = {
					817BC5552BD1BCE000C21328 = {
						CreatedOnToolsVersion = 15.3;
					};
				};
			};
			buildConfigurationList = 817BC5512BD1BCE000C21328 /* Build configuration list for PBXProject "Bookmark App" */;
			compatibilityVersion = "Xcode 14.0";
			developmentRegion = en;
			hasScannedForEncodings = 0;
			knownRegions = (
				en,
				Base,
			);
			mainGroup = 817BC54D2BD1BCE000C21328;
			packageReferences = (
				817BC5732BD1BDA300C21328 /* XCRemoteSwiftPackageReference "SnapKit" */,
			);
			productRefGroup = 817BC5572BD1BCE000C21328 /* Products */;
			projectDirPath = "";
			projectRoot = "";
			targets = (
				817BC5552BD1BCE000C21328 /* Bookmark App */,
			);
		};
/* End PBXProject section */

/* Begin PBXResourcesBuildPhase section */
		817BC5542BD1BCE000C21328 /* Resources */ = {
			isa = PBXResourcesBuildPhase;
			buildActionMask = 2147483647;
			files = (
				817BC5632BD1BCE300C21328 /* Assets.xcassets in Resources */,
				817BC5662BD1BCE300C21328 /* Base in Resources */,
			);
			runOnlyForDeploymentPostprocessing = 0;
		};
/* End PBXResourcesBuildPhase section */

/* Begin PBXSourcesBuildPhase section */
		817BC5522BD1BCE000C21328 /* Sources */ = {
			isa = PBXSourcesBuildPhase;
			buildActionMask = 2147483647;
			files = (
				81B8549F2BD2900800A4DC24 /* LinkStorage.swift in Sources */,
				817BC5702BD1BD5700C21328 /* LinkModel.swift in Sources */,
				817BC5722BD1BD8D00C21328 /* CustomTableViewCell.swift in Sources */,
				817BC55E2BD1BCE000C21328 /* ViewController.swift in Sources */,
				817BC55A2BD1BCE000C21328 /* AppDelegate.swift in Sources */,
				817BC5792BD1BDBB00C21328 /* SecondScreenVC.swift in Sources */,
				817BC55C2BD1BCE000C21328 /* SceneDelegate.swift in Sources */,
				81B854A12BD2901500A4DC24 /* WebViewController.swift in Sources */,
			);
			runOnlyForDeploymentPostprocessing = 0;
		};
/* End PBXSourcesBuildPhase section */

/* Begin PBXVariantGroup section */
		817BC5642BD1BCE300C21328 /* LaunchScreen.storyboard */ = {
			isa = PBXVariantGroup;
			children = (
				817BC5652BD1BCE300C21328 /* Base */,
			);
			name = LaunchScreen.storyboard;
			sourceTree = "<group>";
		};
/* End PBXVariantGroup section */

/* Begin XCBuildConfiguration section */
		817BC5682BD1BCE300C21328 /* Debug */ = {
			isa = XCBuildConfiguration;
			buildSettings = {
				ALWAYS_SEARCH_USER_PATHS = NO;
				ASSETCATALOG_COMPILER_GENERATE_SWIFT_ASSET_SYMBOL_EXTENSIONS = YES;
				CLANG_ANALYZER_NONNULL = YES;
				CLANG_ANALYZER_NUMBER_OBJECT_CONVERSION = YES_AGGRESSIVE;
				CLANG_CXX_LANGUAGE_STANDARD = "gnu++20";
				CLANG_ENABLE_MODULES = YES;
				CLANG_ENABLE_OBJC_ARC = YES;
				CLANG_ENABLE_OBJC_WEAK = YES;
				CLANG_WARN_BLOCK_CAPTURE_AUTORELEASING = YES;
				CLANG_WARN_BOOL_CONVERSION = YES;
				CLANG_WARN_COMMA = YES;
				CLANG_WARN_CONSTANT_CONVERSION = YES;
				CLANG_WARN_DEPRECATED_OBJC_IMPLEMENTATIONS = YES;
				CLANG_WARN_DIRECT_OBJC_ISA_USAGE = YES_ERROR;
				CLANG_WARN_DOCUMENTATION_COMMENTS = YES;
				CLANG_WARN_EMPTY_BODY = YES;
				CLANG_WARN_ENUM_CONVERSION = YES;
				CLANG_WARN_INFINITE_RECURSION = YES;
				CLANG_WARN_INT_CONVERSION = YES;
				CLANG_WARN_NON_LITERAL_NULL_CONVERSION = YES;
				CLANG_WARN_OBJC_IMPLICIT_RETAIN_SELF = YES;
				CLANG_WARN_OBJC_LITERAL_CONVERSION = YES;
				CLANG_WARN_OBJC_ROOT_CLASS = YES_ERROR;
				CLANG_WARN_QUOTED_INCLUDE_IN_FRAMEWORK_HEADER = YES;
				CLANG_WARN_RANGE_LOOP_ANALYSIS = YES;
				CLANG_WARN_STRICT_PROTOTYPES = YES;
				CLANG_WARN_SUSPICIOUS_MOVE = YES;
				CLANG_WARN_UNGUARDED_AVAILABILITY = YES_AGGRESSIVE;
				CLANG_WARN_UNREACHABLE_CODE = YES;
				CLANG_WARN__DUPLICATE_METHOD_MATCH = YES;
				COPY_PHASE_STRIP = NO;
				DEBUG_INFORMATION_FORMAT = dwarf;
				ENABLE_STRICT_OBJC_MSGSEND = YES;
				ENABLE_TESTABILITY = YES;
				ENABLE_USER_SCRIPT_SANDBOXING = YES;
				GCC_C_LANGUAGE_STANDARD = gnu17;
				GCC_DYNAMIC_NO_PIC = NO;
				GCC_NO_COMMON_BLOCKS = YES;
				GCC_OPTIMIZATION_LEVEL = 0;
				GCC_PREPROCESSOR_DEFINITIONS = (
					"DEBUG=1",
					"$(inherited)",
				);
				GCC_WARN_64_TO_32_BIT_CONVERSION = YES;
				GCC_WARN_ABOUT_RETURN_TYPE = YES_ERROR;
				GCC_WARN_UNDECLARED_SELECTOR = YES;
				GCC_WARN_UNINITIALIZED_AUTOS = YES_AGGRESSIVE;
				GCC_WARN_UNUSED_FUNCTION = YES;
				GCC_WARN_UNUSED_VARIABLE = YES;
				IPHONEOS_DEPLOYMENT_TARGET = 17.4;
				LOCALIZATION_PREFERS_STRING_CATALOGS = YES;
				MTL_ENABLE_DEBUG_INFO = INCLUDE_SOURCE;
				MTL_FAST_MATH = YES;
				ONLY_ACTIVE_ARCH = YES;
				SDKROOT = iphoneos;
				SWIFT_ACTIVE_COMPILATION_CONDITIONS = "DEBUG $(inherited)";
				SWIFT_OPTIMIZATION_LEVEL = "-Onone";
			};
			name = Debug;
		};
		817BC5692BD1BCE300C21328 /* Release */ = {
			isa = XCBuildConfiguration;
			buildSettings = {
				ALWAYS_SEARCH_USER_PATHS = NO;
				ASSETCATALOG_COMPILER_GENERATE_SWIFT_ASSET_SYMBOL_EXTENSIONS = YES;
				CLANG_ANALYZER_NONNULL = YES;
				CLANG_ANALYZER_NUMBER_OBJECT_CONVERSION = YES_AGGRESSIVE;
				CLANG_CXX_LANGUAGE_STANDARD = "gnu++20";
				CLANG_ENABLE_MODULES = YES;
				CLANG_ENABLE_OBJC_ARC = YES;
				CLANG_ENABLE_OBJC_WEAK = YES;
				CLANG_WARN_BLOCK_CAPTURE_AUTORELEASING = YES;
				CLANG_WARN_BOOL_CONVERSION = YES;
				CLANG_WARN_COMMA = YES;
				CLANG_WARN_CONSTANT_CONVERSION = YES;
				CLANG_WARN_DEPRECATED_OBJC_IMPLEMENTATIONS = YES;
				CLANG_WARN_DIRECT_OBJC_ISA_USAGE = YES_ERROR;
				CLANG_WARN_DOCUMENTATION_COMMENTS = YES;
				CLANG_WARN_EMPTY_BODY = YES;
				CLANG_WARN_ENUM_CONVERSION = YES;
				CLANG_WARN_INFINITE_RECURSION = YES;
				CLANG_WARN_INT_CONVERSION = YES;
				CLANG_WARN_NON_LITERAL_NULL_CONVERSION = YES;
				CLANG_WARN_OBJC_IMPLICIT_RETAIN_SELF = YES;
				CLANG_WARN_OBJC_LITERAL_CONVERSION = YES;
				CLANG_WARN_OBJC_ROOT_CLASS = YES_ERROR;
				CLANG_WARN_QUOTED_INCLUDE_IN_FRAMEWORK_HEADER = YES;
				CLANG_WARN_RANGE_LOOP_ANALYSIS = YES;
				CLANG_WARN_STRICT_PROTOTYPES = YES;
				CLANG_WARN_SUSPICIOUS_MOVE = YES;
				CLANG_WARN_UNGUARDED_AVAILABILITY = YES_AGGRESSIVE;
				CLANG_WARN_UNREACHABLE_CODE = YES;
				CLANG_WARN__DUPLICATE_METHOD_MATCH = YES;
				COPY_PHASE_STRIP = NO;
				DEBUG_INFORMATION_FORMAT = "dwarf-with-dsym";
				ENABLE_NS_ASSERTIONS = NO;
				ENABLE_STRICT_OBJC_MSGSEND = YES;
				ENABLE_USER_SCRIPT_SANDBOXING = YES;
				GCC_C_LANGUAGE_STANDARD = gnu17;
				GCC_NO_COMMON_BLOCKS = YES;
				GCC_WARN_64_TO_32_BIT_CONVERSION = YES;
				GCC_WARN_ABOUT_RETURN_TYPE = YES_ERROR;
				GCC_WARN_UNDECLARED_SELECTOR = YES;
				GCC_WARN_UNINITIALIZED_AUTOS = YES_AGGRESSIVE;
				GCC_WARN_UNUSED_FUNCTION = YES;
				GCC_WARN_UNUSED_VARIABLE = YES;
				IPHONEOS_DEPLOYMENT_TARGET = 17.4;
				LOCALIZATION_PREFERS_STRING_CATALOGS = YES;
				MTL_ENABLE_DEBUG_INFO = NO;
				MTL_FAST_MATH = YES;
				SDKROOT = iphoneos;
				SWIFT_COMPILATION_MODE = wholemodule;
				VALIDATE_PRODUCT = YES;
			};
			name = Release;
		};
		817BC56B2BD1BCE300C21328 /* Debug */ = {
			isa = XCBuildConfiguration;
			buildSettings = {
				ASSETCATALOG_COMPILER_APPICON_NAME = AppIcon;
				ASSETCATALOG_COMPILER_GLOBAL_ACCENT_COLOR_NAME = AccentColor;
				CODE_SIGN_STYLE = Automatic;
				CURRENT_PROJECT_VERSION = 1;
				DEVELOPMENT_TEAM = XYU6KDT69V;
				GENERATE_INFOPLIST_FILE = YES;
				INFOPLIST_FILE = "Bookmark App/Info.plist";
				INFOPLIST_KEY_UIApplicationSupportsIndirectInputEvents = YES;
				INFOPLIST_KEY_UILaunchStoryboardName = LaunchScreen;
				INFOPLIST_KEY_UISupportedInterfaceOrientations_iPad = "UIInterfaceOrientationPortrait UIInterfaceOrientationPortraitUpsideDown UIInterfaceOrientationLandscapeLeft UIInterfaceOrientationLandscapeRight";
				INFOPLIST_KEY_UISupportedInterfaceOrientations_iPhone = "UIInterfaceOrientationPortrait UIInterfaceOrientationLandscapeLeft UIInterfaceOrientationLandscapeRight";
				LD_RUNPATH_SEARCH_PATHS = (
					"$(inherited)",
					"@executable_path/Frameworks",
				);
				MARKETING_VERSION = 1.0;
				PRODUCT_BUNDLE_IDENTIFIER = "com.azamatk.Bookmark-App";
				PRODUCT_NAME = "$(TARGET_NAME)";
				SWIFT_EMIT_LOC_STRINGS = YES;
				SWIFT_VERSION = 5.0;
				TARGETED_DEVICE_FAMILY = "1,2";
			};
			name = Debug;
		};
		817BC56C2BD1BCE300C21328 /* Release */ = {
			isa = XCBuildConfiguration;
			buildSettings = {
				ASSETCATALOG_COMPILER_APPICON_NAME = AppIcon;
				ASSETCATALOG_COMPILER_GLOBAL_ACCENT_COLOR_NAME = AccentColor;
				CODE_SIGN_STYLE = Automatic;
				CURRENT_PROJECT_VERSION = 1;
				DEVELOPMENT_TEAM = XYU6KDT69V;
				GENERATE_INFOPLIST_FILE = YES;
				INFOPLIST_FILE = "Bookmark App/Info.plist";
				INFOPLIST_KEY_UIApplicationSupportsIndirectInputEvents = YES;
				INFOPLIST_KEY_UILaunchStoryboardName = LaunchScreen;
				INFOPLIST_KEY_UISupportedInterfaceOrientations_iPad = "UIInterfaceOrientationPortrait UIInterfaceOrientationPortraitUpsideDown UIInterfaceOrientationLandscapeLeft UIInterfaceOrientationLandscapeRight";
				INFOPLIST_KEY_UISupportedInterfaceOrientations_iPhone = "UIInterfaceOrientationPortrait UIInterfaceOrientationLandscapeLeft UIInterfaceOrientationLandscapeRight";
				LD_RUNPATH_SEARCH_PATHS = (
					"$(inherited)",
					"@executable_path/Frameworks",
				);
				MARKETING_VERSION = 1.0;
				PRODUCT_BUNDLE_IDENTIFIER = "com.azamatk.Bookmark-App";
				PRODUCT_NAME = "$(TARGET_NAME)";
				SWIFT_EMIT_LOC_STRINGS = YES;
				SWIFT_VERSION = 5.0;
				TARGETED_DEVICE_FAMILY = "1,2";
			};
			name = Release;
		};
/* End XCBuildConfiguration section */

/* Begin XCConfigurationList section */
		817BC5512BD1BCE000C21328 /* Build configuration list for PBXProject "Bookmark App" */ = {
			isa = XCConfigurationList;
			buildConfigurations = (
				817BC5682BD1BCE300C21328 /* Debug */,
				817BC5692BD1BCE300C21328 /* Release */,
			);
			defaultConfigurationIsVisible = 0;
			defaultConfigurationName = Release;
		};
		817BC56A2BD1BCE300C21328 /* Build configuration list for PBXNativeTarget "Bookmark App" */ = {
			isa = XCConfigurationList;
			buildConfigurations = (
				817BC56B2BD1BCE300C21328 /* Debug */,
				817BC56C2BD1BCE300C21328 /* Release */,
			);
			defaultConfigurationIsVisible = 0;
			defaultConfigurationName = Release;
		};
/* End XCConfigurationList section */

/* Begin XCRemoteSwiftPackageReference section */
		817BC5732BD1BDA300C21328 /* XCRemoteSwiftPackageReference "SnapKit" */ = {
			isa = XCRemoteSwiftPackageReference;
			repositoryURL = "https://github.com/SnapKit/SnapKit.git";
			requirement = {
				kind = upToNextMajorVersion;
				minimumVersion = 5.7.1;
			};
		};
/* End XCRemoteSwiftPackageReference section */

/* Begin XCSwiftPackageProductDependency section */
		817BC5742BD1BDA300C21328 /* SnapKit */ = {
			isa = XCSwiftPackageProductDependency;
			package = 817BC5732BD1BDA300C21328 /* XCRemoteSwiftPackageReference "SnapKit" */;
			productName = SnapKit;
		};
		817BC5762BD1BDA300C21328 /* SnapKit-Dynamic */ = {
			isa = XCSwiftPackageProductDependency;
			package = 817BC5732BD1BDA300C21328 /* XCRemoteSwiftPackageReference "SnapKit" */;
			productName = "SnapKit-Dynamic";
		};
/* End XCSwiftPackageProductDependency section */
	};
	rootObject = 817BC54E2BD1BCE000C21328 /* Project object */;
}
